
Microsoft Visual Studio Solution File, Format Version 12.00
# Visual Studio Version 17
VisualStudioVersion = 17.5.33502.453
MinimumVisualStudioVersion = 10.0.40219.1
Project("{8BC9CEB8-8B4A-11D0-8D11-00A0C91BC942}") = "ParadigmaOOP_034", "ParadigmaOOP_034\ParadigmaOOP_034.vcxproj", "{5DE939D7-35DF-4ECF-A1A9-5FD5131EFE84}"
EndProject
Project("{8BC9CEB8-8B4A-11D0-8D11-00A0C91BC942}") = "Asosiasi", "Asosiasi\Asosiasi.vcxproj", "{524C7331-5109-4CD1-9EB7-91AC2ED43057}"
EndProject
Project("{8BC9CEB8-8B4A-11D0-8D11-00A0C91BC942}") = "mainIA", "mainIA\mainIA.vcxproj", "{00137CA4-E9B1-41C4-84CB-62FCCDB58452}"
EndProject
Project("{8BC9CEB8-8B4A-11D0-8D11-00A0C91BC942}") = "mainJM", "mainJM\mainJM.vcxproj", "{0F02468D-B468-45A0-A0B9-614DAEC3CB27}"
EndProject
Global
	GlobalSection(SolutionConfigurationPlatforms) = preSolution
		Debug|x64 = Debug|x64
		Debug|x86 = Debug|x86
		Release|x64 = Release|x64
		Release|x86 = Release|x86
	EndGlobalSection
	GlobalSection(ProjectConfigurationPlatforms) = postSolution
		{5DE939D7-35DF-4ECF-A1A9-5FD5131EFE84}.Debug|x64.ActiveCfg = Debug|x64
		{5DE939D7-35DF-4ECF-A1A9-5FD5131EFE84}.Debug|x64.Build.0 = Debug|x64
		{5DE939D7-35DF-4ECF-A1A9-5FD5131EFE84}.Debug|x86.ActiveCfg = Debug|Win32
		{5DE939D7-35DF-4ECF-A1A9-5FD5131EFE84}.Debug|x86.Build.0 = Debug|Win32
		{5DE939D7-35DF-4ECF-A1A9-5FD5131EFE84}.Release|x64.ActiveCfg = Release|x64
		{5DE939D7-35DF-4ECF-A1A9-5FD5131EFE84}.Release|x64.Build.0 = Release|x64
		{5DE939D7-35DF-4ECF-A1A9-5FD5131EFE84}.Release|x86.ActiveCfg = Release|Win32
		{5DE939D7-35DF-4ECF-A1A9-5FD5131EFE84}.Release|x86.Build.0 = Release|Win32
		{524C7331-5109-4CD1-9EB7-91AC2ED43057}.Debug|x64.ActiveCfg = Debug|x64
		{524C7331-5109-4CD1-9EB7-91AC2ED43057}.Debug|x64.Build.0 = Debug|x64
		{524C7331-5109-4CD1-9EB7-91AC2ED43057}.Debug|x86.ActiveCfg = Debug|Win32
		{524C7331-5109-4CD1-9EB7-91AC2ED43057}.Debug|x86.Build.0 = Debug|Win32
		{524C7331-5109-4CD1-9EB7-91AC2ED43057}.Release|x64.ActiveCfg = Release|x64
		{524C7331-5109-4CD1-9EB7-91AC2ED43057}.Release|x64.Build.0 = Release|x64
		{524C7331-5109-4CD1-9EB7-91AC2ED43057}.Release|x86.ActiveCfg = Release|Win32
		{524C7331-5109-4CD1-9EB7-91AC2ED43057}.Release|x86.Build.0 = Release|Win32
		{00137CA4-E9B1-41C4-84CB-62FCCDB58452}.Debug|x64.ActiveCfg = Debug|x64
		{00137CA4-E9B1-41C4-84CB-62FCCDB58452}.Debug|x64.Build.0 = Debug|x64
		{00137CA4-E9B1-41C4-84CB-62FCCDB58452}.Debug|x86.ActiveCfg = Debug|Win32
		{00137CA4-E9B1-41C4-84CB-62FCCDB58452}.Debug|x86.Build.0 = Debug|Win32
		{00137CA4-E9B1-41C4-84CB-62FCCDB58452}.Release|x64.ActiveCfg = Release|x64
		{00137CA4-E9B1-41C4-84CB-62FCCDB58452}.Release|x64.Build.0 = Release|x64
		{00137CA4-E9B1-41C4-84CB-62FCCDB58452}.Release|x86.ActiveCfg = Release|Win32
		{00137CA4-E9B1-41C4-84CB-62FCCDB58452}.Release|x86.Build.0 = Release|Win32
		{0F02468D-B468-45A0-A0B9-614DAEC3CB27}.Debug|x64.ActiveCfg = Debug|x64
		{0F02468D-B468-45A0-A0B9-614DAEC3CB27}.Debug|x64.Build.0 = Debug|x64
		{0F02468D-B468-45A0-A0B9-614DAEC3CB27}.Debug|x86.ActiveCfg = Debug|Win32
		{0F02468D-B468-45A0-A0B9-614DAEC3CB27}.Debug|x86.Build.0 = Debug|Win32
		{0F02468D-B468-45A0-A0B9-614DAEC3CB27}.Release|x64.ActiveCfg = Release|x64
		{0F02468D-B468-45A0-A0B9-614DAEC3CB27}.Release|x64.Build.0 = Release|x64
		{0F02468D-B468-45A0-A0B9-614DAEC3CB27}.Release|x86.ActiveCfg = Release|Win32
		{0F02468D-B468-45A0-A0B9-614DAEC3CB27}.Release|x86.Build.0 = Release|Win32
	EndGlobalSection
	GlobalSection(SolutionProperties) = preSolution
		HideSolutionNode = FALSE
	EndGlobalSection
	GlobalSection(ExtensibilityGlobals) = postSolution
		SolutionGuid = {3521551C-909B-4E96-8D1E-85C5CD579C95}
	EndGlobalSection
EndGlobal
